{
  "name": "@ayogohealth/get_copy",
  "version": "1.0.0-rc.3",
  "lockfileVersion": 3,
  "requires": true,
  "packages": {
    "": {
      "name": "@ayogohealth/get_copy",
      "version": "1.0.0-rc.3",
      "license": "MIT",
      "dependencies": {
        "opener": "^1.5.2",
        "undici": "^5.26.2"
      },
      "bin": {
        "get_copy": "get_copy_cli.js"
      },
      "devDependencies": {
        "@types/node": "^18.0.0",
        "@types/opener": "^1.4.0",
        "esmock": "^2.0.4",
        "typescript": "^5.0.0"
      },
      "engines": {
        "node": ">= 16.17.0"
      }
    },
    "node_modules/@fastify/busboy": {
      "version": "2.0.0",
      "resolved": "https://registry.npmjs.org/@fastify/busboy/-/busboy-2.0.0.tgz",
      "integrity": "sha512-JUFJad5lv7jxj926GPgymrWQxxjPYuJNiNjNMzqT+HiuP6Vl3dk5xzG+8sTX96np0ZAluvaMzPsjhHZ5rNuNQQ==",
      "engines": {
        "node": ">=14"
      }
    },
    "node_modules/@types/node": {
      "version": "18.18.5",
      "resolved": "https://registry.npmjs.org/@types/node/-/node-18.18.5.tgz",
      "integrity": "sha512-4slmbtwV59ZxitY4ixUZdy1uRLf9eSIvBWPQxNjhHYWEtn0FryfKpyS2cvADYXTayWdKEIsJengncrVvkI4I6A==",
      "dev": true
    },
    "node_modules/@types/opener": {
      "version": "1.4.1",
      "resolved": "https://registry.npmjs.org/@types/opener/-/opener-1.4.1.tgz",
      "integrity": "sha512-Go/CRJ050zX9Yhg5GaNej5bRS/+RAOsJ1mFhUdViem16SMeVk6CFdtnsF3p9kMCaU9AeGEJT4OhSCmRxSZrz3g==",
      "dev": true,
      "dependencies": {
        "@types/node": "*"
      }
    },
    "node_modules/esmock": {
      "version": "2.5.6",
      "resolved": "https://registry.npmjs.org/esmock/-/esmock-2.5.6.tgz",
      "integrity": "sha512-9yNplqPx1LvUizdko8MVBTISGoYUdIOkOHu7GuKVSF9/nlRUa8aSW2wp2LR2kBfgEqOAptUPwshJyD9QIicoQQ==",
      "dev": true,
      "engines": {
        "node": ">=14.16.0"
      }
    },
    "node_modules/opener": {
      "version": "1.5.2",
      "resolved": "https://registry.npmjs.org/opener/-/opener-1.5.2.tgz",
      "integrity": "sha512-ur5UIdyw5Y7yEj9wLzhqXiy6GZ3Mwx0yGI+5sMn2r0N0v3cKJvUmFH5yPP+WXh9e0xfyzyJX95D8l088DNFj7A==",
      "bin": {
        "opener": "bin/opener-bin.js"
      }
    },
    "node_modules/typescript": {
      "version": "5.2.2",
      "resolved": "https://registry.npmjs.org/typescript/-/typescript-5.2.2.tgz",
      "integrity": "sha512-mI4WrpHsbCIcwT9cF4FZvr80QUeKvsUsUvKDoR+X/7XHQH98xYD8YHZg7ANtz2GtZt/CBq2QJ0thkGJMHfqc1w==",
      "dev": true,
      "bin": {
        "tsc": "bin/tsc",
        "tsserver": "bin/tsserver"
      },
      "engines": {
        "node": ">=14.17"
      }
    },
    "node_modules/undici": {
      "version": "5.26.3",
      "resolved": "https://registry.npmjs.org/undici/-/undici-5.26.3.tgz",
      "integrity": "sha512-H7n2zmKEWgOllKkIUkLvFmsJQj062lSm3uA4EYApG8gLuiOM0/go9bIoC3HVaSnfg4xunowDE2i9p8drkXuvDw==",
      "dependencies": {
        "@fastify/busboy": "^2.0.0"
      },
      "engines": {
        "node": ">=14.0"
      }
    }
  }
}
